// !$*UTF8*$!
{
	archiveVersion = 1;
	classes = {
	};
	objectVersion = 46;
	objects = {

/* Begin PBXBuildFile section */
		03F9503E1793667200D988BB /* UIKit.framework in Frameworks */ = {isa = PBXBuildFile; fileRef = 03F9503D1793667200D988BB /* UIKit.framework */; };
		03F950401793667200D988BB /* Foundation.framework in Frameworks */ = {isa = PBXBuildFile; fileRef = 03F9503F1793667200D988BB /* Foundation.framework */; };
		03F950421793667200D988BB /* CoreGraphics.framework in Frameworks */ = {isa = PBXBuildFile; fileRef = 03F950411793667200D988BB /* CoreGraphics.framework */; };
		03F950481793667200D988BB /* InfoPlist.strings in Resources */ = {isa = PBXBuildFile; fileRef = 03F950461793667200D988BB /* InfoPlist.strings */; };
		03F9504A1793667200D988BB /* main.m in Sources */ = {isa = PBXBuildFile; fileRef = 03F950491793667200D988BB /* main.m */; };
		03F9504E1793667200D988BB /* FengAppDelegate.m in Sources */ = {isa = PBXBuildFile; fileRef = 03F9504D1793667200D988BB /* FengAppDelegate.m */; };
		03F950501793667200D988BB /* Default.png in Resources */ = {isa = PBXBuildFile; fileRef = 03F9504F1793667200D988BB /* Default.png */; };
		03F950521793667200D988BB /* Default@2x.png in Resources */ = {isa = PBXBuildFile; fileRef = 03F950511793667200D988BB /* Default@2x.png */; };
		03F950541793667200D988BB /* Default-568h@2x.png in Resources */ = {isa = PBXBuildFile; fileRef = 03F950531793667200D988BB /* Default-568h@2x.png */; };
		03F950571793667200D988BB /* FengViewController.m in Sources */ = {isa = PBXBuildFile; fileRef = 03F950561793667200D988BB /* FengViewController.m */; };
		03F9505A1793667200D988BB /* FengViewController.xib in Resources */ = {isa = PBXBuildFile; fileRef = 03F950581793667200D988BB /* FengViewController.xib */; };
		03F950611793671700D988BB /* Projectile.png in Resources */ = {isa = PBXBuildFile; fileRef = 03F950601793671700D988BB /* Projectile.png */; };
/* End PBXBuildFile section */

/* Begin PBXFileReference section */
		03F9503A1793667200D988BB /* control fun.app */ = {isa = PBXFileReference; explicitFileType = wrapper.application; includeInIndex = 0; path = "control fun.app"; sourceTree = BUILT_PRODUCTS_DIR; };
		03F9503D1793667200D988BB /* UIKit.framework */ = {isa = PBXFileReference; lastKnownFileType = wrapper.framework; name = UIKit.framework; path = System/Library/Frameworks/UIKit.framework; sourceTree = SDKROOT; };
		03F9503F1793667200D988BB /* Foundation.framework */ = {isa = PBXFileReference; lastKnownFileType = wrapper.framework; name = Foundation.framework; path = System/Library/Frameworks/Foundation.framework; sourceTree = SDKROOT; };
		03F950411793667200D988BB /* CoreGraphics.framework */ = {isa = PBXFileReference; lastKnownFileType = wrapper.framework; name = CoreGraphics.framework; path = System/Library/Frameworks/CoreGraphics.framework; sourceTree = SDKROOT; };
		03F950451793667200D988BB /* control fun-Info.plist */ = {isa = PBXFileReference; lastKnownFileType = text.plist.xml; path = "control fun-Info.plist"; sourceTree = "<group>"; };
		03F950471793667200D988BB /* en */ = {isa = PBXFileReference; lastKnownFileType = text.plist.strings; name = en; path = en.lproj/InfoPlist.strings; sourceTree = "<group>"; };
		03F950491793667200D988BB /* main.m */ = {isa = PBXFileReference; lastKnownFileType = sourcecode.c.objc; path = main.m; sourceTree = "<group>"; };
		03F9504B1793667200D988BB /* control fun-Prefix.pch */ = {isa = PBXFileReference; lastKnownFileType = sourcecode.c.h; path = "control fun-Prefix.pch"; sourceTree = "<group>"; };
		03F9504C1793667200D988BB /* FengAppDelegate.h */ = {isa = PBXFileReference; lastKnownFileType = sourcecode.c.h; path = FengAppDelegate.h; sourceTree = "<group>"; };
		03F9504D1793667200D988BB /* FengAppDelegate.m */ = {isa = PBXFileReference; lastKnownFileType = sourcecode.c.objc; path = FengAppDelegate.m; sourceTree = "<group>"; };
		03F9504F1793667200D988BB /* Default.png */ = {isa = PBXFileReference; lastKnownFileType = image.png; path = Default.png; sourceTree = "<group>"; };
		03F950511793667200D988BB /* Default@2x.png */ = {isa = PBXFileReference; lastKnownFileType = image.png; path = "Default@2x.png"; sourceTree = "<group>"; };
		03F950531793667200D988BB /* Default-568h@2x.png */ = {isa = PBXFileReference; lastKnownFileType = image.png; path = "Default-568h@2x.png"; sourceTree = "<group>"; };
		03F950551793667200D988BB /* FengViewController.h */ = {isa = PBXFileReference; lastKnownFileType = sourcecode.c.h; path = FengViewController.h; sourceTree = "<group>"; };
		03F950561793667200D988BB /* FengViewController.m */ = {isa = PBXFileReference; lastKnownFileType = sourcecode.c.objc; path = FengViewController.m; sourceTree = "<group>"; };
		03F950591793667200D988BB /* en */ = {isa = PBXFileReference; lastKnownFileType = file.xib; name = en; path = en.lproj/FengViewController.xib; sourceTree = "<group>"; };
		03F950601793671700D988BB /* Projectile.png */ = {isa = PBXFileReference; lastKnownFileType = image.png; path = Projectile.png; sourceTree = "<group>"; };
/* End PBXFileReference section */

/* Begin PBXFrameworksBuildPhase section */
		03F950371793667200D988BB /* Frameworks */ = {
			isa = PBXFrameworksBuildPhase;
			buildActionMask = 2147483647;
			files = (
				03F9503E1793667200D988BB /* UIKit.framework in Frameworks */,
				03F950401793667200D988BB /* Foundation.framework in Frameworks */,
				03F950421793667200D988BB /* CoreGraphics.framework in Frameworks */,
			);
			runOnlyForDeploymentPostprocessing = 0;
		};
/* End PBXFrameworksBuildPhase section */

/* Begin PBXGroup section */
		03F950311793667200D988BB = {
			isa = PBXGroup;
			children = (
				03F950431793667200D988BB /* control fun */,
				03F9503C1793667200D988BB /* Frameworks */,
				03F9503B1793667200D988BB /* Products */,
			);
			sourceTree = "<group>";
		};
		03F9503B1793667200D988BB /* Products */ = {
			isa = PBXGroup;
			children = (
				03F9503A1793667200D988BB /* control fun.app */,
			);
			name = Products;
			sourceTree = "<group>";
		};
		03F9503C1793667200D988BB /* Frameworks */ = {
			isa = PBXGroup;
			children = (
				03F9503D1793667200D988BB /* UIKit.framework */,
				03F9503F1793667200D988BB /* Foundation.framework */,
				03F950411793667200D988BB /* CoreGraphics.framework */,
			);
			name = Frameworks;
			sourceTree = "<group>";
		};
		03F950431793667200D988BB /* control fun */ = {
			isa = PBXGroup;
			children = (
				03F9504C1793667200D988BB /* FengAppDelegate.h */,
				03F9504D1793667200D988BB /* FengAppDelegate.m */,
				03F950551793667200D988BB /* FengViewController.h */,
				03F950561793667200D988BB /* FengViewController.m */,
				03F950581793667200D988BB /* FengViewController.xib */,
				03F950441793667200D988BB /* Supporting Files */,
			);
			path = "control fun";
			sourceTree = "<group>";
		};
		03F950441793667200D988BB /* Supporting Files */ = {
			isa = PBXGroup;
			children = (
				03F950601793671700D988BB /* Projectile.png */,
				03F950451793667200D988BB /* control fun-Info.plist */,
				03F950461793667200D988BB /* InfoPlist.strings */,
				03F950491793667200D988BB /* main.m */,
				03F9504B1793667200D988BB /* control fun-Prefix.pch */,
				03F9504F1793667200D988BB /* Default.png */,
				03F950511793667200D988BB /* Default@2x.png */,
				03F950531793667200D988BB /* Default-568h@2x.png */,
			);
			name = "Supporting Files";
			sourceTree = "<group>";
		};
/* End PBXGroup section */

/* Begin PBXNativeTarget section */
		03F950391793667200D988BB /* control fun */ = {
			isa = PBXNativeTarget;
			buildConfigurationList = 03F9505D1793667200D988BB /* Build configuration list for PBXNativeTarget "control fun" */;
			buildPhases = (
				03F950361793667200D988BB /* Sources */,
				03F950371793667200D988BB /* Frameworks */,
				03F950381793667200D988BB /* Resources */,
			);
			buildRules = (
			);
			dependencies = (
			);
			name = "control fun";
			productName = "control fun";
			productReference = 03F9503A1793667200D988BB /* control fun.app */;
			productType = "com.apple.product-type.application";
		};
/* End PBXNativeTarget section */

/* Begin PBXProject section */
		03F950321793667200D988BB /* Project object */ = {
			isa = PBXProject;
			attributes = {
				CLASSPREFIX = Feng;
				LastUpgradeCheck = 0460;
				ORGANIZATIONNAME = ios_Dream_shen;
			};
			buildConfigurationList = 03F950351793667200D988BB /* Build configuration list for PBXProject "control fun" */;
			compatibilityVersion = "Xcode 3.2";
			developmentRegion = English;
			hasScannedForEncodings = 0;
			knownRegions = (
				en,
			);
			mainGroup = 03F950311793667200D988BB;
			productRefGroup = 03F9503B1793667200D988BB /* Products */;
			projectDirPath = "";
			projectRoot = "";
			targets = (
				03F950391793667200D988BB /* control fun */,
			);
		};
/* End PBXProject section */

/* Begin PBXResourcesBuildPhase section */
		03F950381793667200D988BB /* Resources */ = {
			isa = PBXResourcesBuildPhase;
			buildActionMask = 2147483647;
			files = (
				03F950481793667200D988BB /* InfoPlist.strings in Resources */,
				03F950501793667200D988BB /* Default.png in Resources */,
				03F950521793667200D988BB /* Default@2x.png in Resources */,
				03F950541793667200D988BB /* Default-568h@2x.png in Resources */,
				03F9505A1793667200D988BB /* FengViewController.xib in Resources */,
				03F950611793671700D988BB /* Projectile.png in Resources */,
			);
			runOnlyForDeploymentPostprocessing = 0;
		};
/* End PBXResourcesBuildPhase section */

/* Begin PBXSourcesBuildPhase section */
		03F950361793667200D988BB /* Sources */ = {
			isa = PBXSourcesBuildPhase;
			buildActionMask = 2147483647;
			files = (
				03F9504A1793667200D988BB /* main.m in Sources */,
				03F9504E1793667200D988BB /* FengAppDelegate.m in Sources */,
				03F950571793667200D988BB /* FengViewController.m in Sources */,
			);
			runOnlyForDeploymentPostprocessing = 0;
		};
/* End PBXSourcesBuildPhase section */

/* Begin PBXVariantGroup section */
		03F950461793667200D988BB /* InfoPlist.strings */ = {
			isa = PBXVariantGroup;
			children = (
				03F950471793667200D988BB /* en */,
			);
			name = InfoPlist.strings;
			sourceTree = "<group>";
		};
		03F950581793667200D988BB /* FengViewController.xib */ = {
			isa = PBXVariantGroup;
			children = (
				03F950591793667200D988BB /* en */,
			);
			name = FengViewController.xib;
			sourceTree = "<group>";
		};
/* End PBXVariantGroup section */

/* Begin XCBuildConfiguration section */
		03F9505B1793667200D988BB /* Debug */ = {
			isa = XCBuildConfiguration;
			buildSettings = {
				ALWAYS_SEARCH_USER_PATHS = NO;
				CLANG_CXX_LANGUAGE_STANDARD = "gnu++0x";
				CLANG_CXX_LIBRARY = "libc++";
				CLANG_ENABLE_OBJC_ARC = YES;
				CLANG_WARN_CONSTANT_CONVERSION = YES;
				CLANG_WARN_EMPTY_BODY = YES;
				CLANG_WARN_ENUM_CONVERSION = YES;
				CLANG_WARN_INT_CONVERSION = YES;
				CLANG_WARN__DUPLICATE_METHOD_MATCH = YES;
				"CODE_SIGN_IDENTITY[sdk=iphoneos*]" = "iPhone Developer";
				COPY_PHASE_STRIP = NO;
				GCC_C_LANGUAGE_STANDARD = gnu99;
				GCC_DYNAMIC_NO_PIC = NO;
				GCC_OPTIMIZATION_LEVEL = 0;
				GCC_PREPROCESSOR_DEFINITIONS = (
					"DEBUG=1",
					"$(inherited)",
				);
				GCC_SYMBOLS_PRIVATE_EXTERN = NO;
				GCC_WARN_ABOUT_RETURN_TYPE = YES;
				GCC_WARN_UNINITIALIZED_AUTOS = YES;
				GCC_WARN_UNUSED_VARIABLE = YES;
				IPHONEOS_DEPLOYMENT_TARGET = 6.1;
				ONLY_ACTIVE_ARCH = YES;
				SDKROOT = iphoneos;
			};
			name = Debug;
		};
		03F9505C1793667200D988BB /* Release */ = {
			isa = XCBuildConfiguration;
			buildSettings = {
				ALWAYS_SEARCH_USER_PATHS = NO;
				CLANG_CXX_LANGUAGE_STANDARD = "gnu++0x";
				CLANG_CXX_LIBRARY = "libc++";
				CLANG_ENABLE_OBJC_ARC = YES;
				CLANG_WARN_CONSTANT_CONVERSION = YES;
				CLANG_WARN_EMPTY_BODY = YES;
				CLANG_WARN_ENUM_CONVERSION = YES;
				CLANG_WARN_INT_CONVERSION = YES;
				CLANG_WARN__DUPLICATE_METHOD_MATCH = YES;
				"CODE_SIGN_IDENTITY[sdk=iphoneos*]" = "iPhone Developer";
				COPY_PHASE_STRIP = YES;
				GCC_C_LANGUAGE_STANDARD = gnu99;
				GCC_WARN_ABOUT_RETURN_TYPE = YES;
				GCC_WARN_UNINITIALIZED_AUTOS = YES;
				GCC_WARN_UNUSED_VARIABLE = YES;
				IPHONEOS_DEPLOYMENT_TARGET = 6.1;
				OTHER_CFLAGS = "-DNS_BLOCK_ASSERTIONS=1";
				SDKROOT = iphoneos;
				VALIDATE_PRODUCT = YES;
			};
			name = Release;
		};
		03F9505E1793667200D988BB /* Debug */ = {
			isa = XCBuildConfiguration;
			buildSettings = {
				GCC_PRECOMPILE_PREFIX_HEADER = YES;
				GCC_PREFIX_HEADER = "control fun/control fun-Prefix.pch";
				INFOPLIST_FILE = "control fun/control fun-Info.plist";
				PRODUCT_NAME = "$(TARGET_NAME)";
				WRAPPER_EXTENSION = app;
			};
			name = Debug;
		};
		03F9505F1793667200D988BB /* Release */ = {
			isa = XCBuildConfiguration;
			buildSettings = {
				GCC_PRECOMPILE_PREFIX_HEADER = YES;
				GCC_PREFIX_HEADER = "control fun/control fun-Prefix.pch";
				INFOPLIST_FILE = "control fun/control fun-Info.plist";
				PRODUCT_NAME = "$(TARGET_NAME)";
				WRAPPER_EXTENSION = app;
			};
			name = Release;
		};
/* End XCBuildConfiguration section */

/* Begin XCConfigurationList section */
		03F950351793667200D988BB /* Build configuration list for PBXProject "control fun" */ = {
			isa = XCConfigurationList;
			buildConfigurations = (
				03F9505B1793667200D988BB /* Debug */,
				03F9505C1793667200D988BB /* Release */,
			);
			defaultConfigurationIsVisible = 0;
			defaultConfigurationName = Release;
		};
		03F9505D1793667200D988BB /* Build configuration list for PBXNativeTarget "control fun" */ = {
			isa = XCConfigurationList;
			buildConfigurations = (
				03F9505E1793667200D988BB /* Debug */,
				03F9505F1793667200D988BB /* Release */,
			);
			defaultConfigurationIsVisible = 0;
		};
/* End XCConfigurationList section */
	};
	rootObject = 03F950321793667200D988BB /* Project object */;
}
